
Microsoft Visual Studio Solution File, Format Version 12.00
# Visual Studio Version 17
VisualStudioVersion = 17.8.34330.188
MinimumVisualStudioVersion = 10.0.40219.1
Project("{FAE04EC0-301F-11D3-BF4B-00C04F79EFBC}") = "TravelingSalesmanProblem", "TravelingSalesmanProblem.csproj", "{24FE7673-0573-4133-A68E-714372C86B97}"
EndProject
Global
	GlobalSection(SolutionConfigurationPlatforms) = preSolution
		Debug|Any CPU = Debug|Any CPU
		Release|Any CPU = Release|Any CPU
	EndGlobalSection
	GlobalSection(ProjectConfigurationPlatforms) = postSolution
		{24FE7673-0573-4133-A68E-714372C86B97}.Debug|Any CPU.ActiveCfg = Debug|Any CPU
		{24FE7673-0573-4133-A68E-714372C86B97}.Debug|Any CPU.Build.0 = Debug|Any CPU
		{24FE7673-0573-4133-A68E-714372C86B97}.Release|Any CPU.ActiveCfg = Release|Any CPU
		{24FE7673-0573-4133-A68E-714372C86B97}.Release|Any CPU.Build.0 = Release|Any CPU
	EndGlobalSection
	GlobalSection(SolutionProperties) = preSolution
		HideSolutionNode = FALSE
	EndGlobalSection
	GlobalSection(ExtensibilityGlobals) = postSolution
		SolutionGuid = {7792845A-4E75-4C0B-8450-BCADC1F30587}
	EndGlobalSection
EndGlobal
